
Microsoft Visual Studio Solution File, Format Version 12.00
# Visual Studio Version 17
VisualStudioVersion = 17.4.33110.190
MinimumVisualStudioVersion = 10.0.40219.1
Project("{9A19103F-16F7-4668-BE54-9A1E7A4F7556}") = "TrabalhoFinal", "TrabalhoFinal\TrabalhoFinal.csproj", "{6CF6793F-F5C6-4DAD-B6EC-19E91495E53F}"
EndProject
Project("{9A19103F-16F7-4668-BE54-9A1E7A4F7556}") = "API", "API\API.csproj", "{AB15C603-9BDC-4426-BFF9-3357555331F8}"
EndProject
Project("{FAE04EC0-301F-11D3-BF4B-00C04F79EFBC}") = "FrontEnd", "FrontEnd\FrontEnd.csproj", "{A2ECD6DC-DA11-4176-91F7-FAFCB7699C2C}"
EndProject
Global
	GlobalSection(SolutionConfigurationPlatforms) = preSolution
		Debug|Any CPU = Debug|Any CPU
		Release|Any CPU = Release|Any CPU
	EndGlobalSection
	GlobalSection(ProjectConfigurationPlatforms) = postSolution
		{6CF6793F-F5C6-4DAD-B6EC-19E91495E53F}.Debug|Any CPU.ActiveCfg = Debug|Any CPU
		{6CF6793F-F5C6-4DAD-B6EC-19E91495E53F}.Debug|Any CPU.Build.0 = Debug|Any CPU
		{6CF6793F-F5C6-4DAD-B6EC-19E91495E53F}.Release|Any CPU.ActiveCfg = Release|Any CPU
		{6CF6793F-F5C6-4DAD-B6EC-19E91495E53F}.Release|Any CPU.Build.0 = Release|Any CPU
		{AB15C603-9BDC-4426-BFF9-3357555331F8}.Debug|Any CPU.ActiveCfg = Debug|Any CPU
		{AB15C603-9BDC-4426-BFF9-3357555331F8}.Debug|Any CPU.Build.0 = Debug|Any CPU
		{AB15C603-9BDC-4426-BFF9-3357555331F8}.Release|Any CPU.ActiveCfg = Release|Any CPU
		{AB15C603-9BDC-4426-BFF9-3357555331F8}.Release|Any CPU.Build.0 = Release|Any CPU
		{A2ECD6DC-DA11-4176-91F7-FAFCB7699C2C}.Debug|Any CPU.ActiveCfg = Debug|Any CPU
		{A2ECD6DC-DA11-4176-91F7-FAFCB7699C2C}.Debug|Any CPU.Build.0 = Debug|Any CPU
		{A2ECD6DC-DA11-4176-91F7-FAFCB7699C2C}.Release|Any CPU.ActiveCfg = Release|Any CPU
		{A2ECD6DC-DA11-4176-91F7-FAFCB7699C2C}.Release|Any CPU.Build.0 = Release|Any CPU
	EndGlobalSection
	GlobalSection(SolutionProperties) = preSolution
		HideSolutionNode = FALSE
	EndGlobalSection
	GlobalSection(ExtensibilityGlobals) = postSolution
		SolutionGuid = {95D33811-9ACB-453D-8A0C-D6FD95855377}
	EndGlobalSection
EndGlobal
